
Microsoft Visual Studio Solution File, Format Version 11.00
# Visual Studio 2010
Project("{FAE04EC0-301F-11D3-BF4B-00C04F79EFBC}") = "Chemical Software", "Chemical Software\Chemical Software.csproj", "{0E264355-D92E-487C-9962-4C665220B1BE}"
EndProject
Global
	GlobalSection(SolutionConfigurationPlatforms) = preSolution
		Debug|x86 = Debug|x86
		Release|x86 = Release|x86
	EndGlobalSection
	GlobalSection(ProjectConfigurationPlatforms) = postSolution
		{0E264355-D92E-487C-9962-4C665220B1BE}.Debug|x86.ActiveCfg = Debug|x86
		{0E264355-D92E-487C-9962-4C665220B1BE}.Debug|x86.Build.0 = Debug|x86
		{0E264355-D92E-487C-9962-4C665220B1BE}.Release|x86.ActiveCfg = Release|x86
		{0E264355-D92E-487C-9962-4C665220B1BE}.Release|x86.Build.0 = Release|x86
	EndGlobalSection
	GlobalSection(SolutionProperties) = preSolution
		HideSolutionNode = FALSE
	EndGlobalSection
EndGlobal
